
Microsoft Visual Studio Solution File, Format Version 12.00
# Visual Studio Version 17
VisualStudioVersion = 17.8.34511.84
MinimumVisualStudioVersion = 10.0.40219.1
Project("{8BC9CEB8-8B4A-11D0-8D11-00A0C91BC942}") = "insertInBeginningLinkedList", "insertInBeginningLinkedList.vcxproj", "{A95BC836-E12B-47F5-8D27-C1FC0DFDF199}"
EndProject
Global
	GlobalSection(SolutionConfigurationPlatforms) = preSolution
		Debug|x64 = Debug|x64
		Debug|x86 = Debug|x86
		Release|x64 = Release|x64
		Release|x86 = Release|x86
	EndGlobalSection
	GlobalSection(ProjectConfigurationPlatforms) = postSolution
		{A95BC836-E12B-47F5-8D27-C1FC0DFDF199}.Debug|x64.ActiveCfg = Debug|x64
		{A95BC836-E12B-47F5-8D27-C1FC0DFDF199}.Debug|x64.Build.0 = Debug|x64
		{A95BC836-E12B-47F5-8D27-C1FC0DFDF199}.Debug|x86.ActiveCfg = Debug|Win32
		{A95BC836-E12B-47F5-8D27-C1FC0DFDF199}.Debug|x86.Build.0 = Debug|Win32
		{A95BC836-E12B-47F5-8D27-C1FC0DFDF199}.Release|x64.ActiveCfg = Release|x64
		{A95BC836-E12B-47F5-8D27-C1FC0DFDF199}.Release|x64.Build.0 = Release|x64
		{A95BC836-E12B-47F5-8D27-C1FC0DFDF199}.Release|x86.ActiveCfg = Release|Win32
		{A95BC836-E12B-47F5-8D27-C1FC0DFDF199}.Release|x86.Build.0 = Release|Win32
	EndGlobalSection
	GlobalSection(SolutionProperties) = preSolution
		HideSolutionNode = FALSE
	EndGlobalSection
	GlobalSection(ExtensibilityGlobals) = postSolution
		SolutionGuid = {82790EF9-1290-4D46-9D8F-0B1EB824803D}
	EndGlobalSection
EndGlobal
